
Microsoft Visual Studio Solution File, Format Version 12.00
Project("{FAE04EC0-301F-11D3-BF4B-00C04F79EFBC}") = "WepApiKhoiPhi", "WepApiKhoiPhi\WepApiKhoiPhi.csproj", "{D47F9CE1-4012-45EA-961C-1F42E0D43BA6}"
EndProject
Global
	GlobalSection(SolutionConfigurationPlatforms) = preSolution
		Debug|Any CPU = Debug|Any CPU
		Release|Any CPU = Release|Any CPU
	EndGlobalSection
	GlobalSection(ProjectConfigurationPlatforms) = postSolution
		{D47F9CE1-4012-45EA-961C-1F42E0D43BA6}.Debug|Any CPU.ActiveCfg = Debug|Any CPU
		{D47F9CE1-4012-45EA-961C-1F42E0D43BA6}.Debug|Any CPU.Build.0 = Debug|Any CPU
		{D47F9CE1-4012-45EA-961C-1F42E0D43BA6}.Release|Any CPU.ActiveCfg = Release|Any CPU
		{D47F9CE1-4012-45EA-961C-1F42E0D43BA6}.Release|Any CPU.Build.0 = Release|Any CPU
	EndGlobalSection
EndGlobal
